// !$*UTF8*$!
{
	archiveVersion = 1;
	classes = {
	};
	objectVersion = 50;
	objects = {

/* Begin PBXBuildFile section */
		95225E4021248A5B003AE81A /* AppDelegate.swift in Sources */ = {isa = PBXBuildFile; fileRef = 95225E3F21248A5B003AE81A /* AppDelegate.swift */; };
		95225E4A21248A5E003AE81A /* Assets.xcassets in Resources */ = {isa = PBXBuildFile; fileRef = 95225E4921248A5E003AE81A /* Assets.xcassets */; };
		95225E7821275C18003AE81A /* LaunchScreen.storyboard in Resources */ = {isa = PBXBuildFile; fileRef = 95225E6921275C18003AE81A /* LaunchScreen.storyboard */; };
		95225E7921275C18003AE81A /* Main.storyboard in Resources */ = {isa = PBXBuildFile; fileRef = 95225E6A21275C18003AE81A /* Main.storyboard */; };
		95225E7B21275C18003AE81A /* CarsListViewController.swift in Sources */ = {isa = PBXBuildFile; fileRef = 95225E6D21275C18003AE81A /* CarsListViewController.swift */; };
		95225E7D21275C18003AE81A /* CarCell.swift in Sources */ = {isa = PBXBuildFile; fileRef = 95225E7021275C18003AE81A /* CarCell.swift */; };
		95225E7E21275C18003AE81A /* Cars.xcdatamodeld in Sources */ = {isa = PBXBuildFile; fileRef = 95225E7121275C18003AE81A /* Cars.xcdatamodeld */; };
		95225E7F21275C18003AE81A /* Car.swift in Sources */ = {isa = PBXBuildFile; fileRef = 95225E7321275C18003AE81A /* Car.swift */; };
		95225E8021275C18003AE81A /* CDPersistence.swift in Sources */ = {isa = PBXBuildFile; fileRef = 95225E7521275C18003AE81A /* CDPersistence.swift */; };
		9537E1FA2129FA5300802D6E /* cars.json in Resources */ = {isa = PBXBuildFile; fileRef = 9537E1F92129FA5300802D6E /* cars.json */; };
		9537E1FC212A7F8D00802D6E /* Owner.swift in Sources */ = {isa = PBXBuildFile; fileRef = 9537E1FB212A7F8D00802D6E /* Owner.swift */; };
		9537E1FE212BE7E700802D6E /* StoredCar.swift in Sources */ = {isa = PBXBuildFile; fileRef = 9537E1FD212BE7E700802D6E /* StoredCar.swift */; };
		9537E200212BEDE400802D6E /* OwnerView.xib in Resources */ = {isa = PBXBuildFile; fileRef = 9537E1FF212BEDE300802D6E /* OwnerView.xib */; };
		9537E202212BEDEE00802D6E /* OwnerView.swift in Sources */ = {isa = PBXBuildFile; fileRef = 9537E201212BEDEE00802D6E /* OwnerView.swift */; };
/* End PBXBuildFile section */

/* Begin PBXFileReference section */
		95225E3C21248A5B003AE81A /* Cars.app */ = {isa = PBXFileReference; explicitFileType = wrapper.application; includeInIndex = 0; path = Cars.app; sourceTree = BUILT_PRODUCTS_DIR; };
		95225E3F21248A5B003AE81A /* AppDelegate.swift */ = {isa = PBXFileReference; lastKnownFileType = sourcecode.swift; path = AppDelegate.swift; sourceTree = "<group>"; };
		95225E4921248A5E003AE81A /* Assets.xcassets */ = {isa = PBXFileReference; lastKnownFileType = folder.assetcatalog; path = Assets.xcassets; sourceTree = "<group>"; };
		95225E4E21248A5E003AE81A /* Info.plist */ = {isa = PBXFileReference; lastKnownFileType = text.plist.xml; path = Info.plist; sourceTree = "<group>"; };
		95225E6921275C18003AE81A /* LaunchScreen.storyboard */ = {isa = PBXFileReference; fileEncoding = 4; lastKnownFileType = file.storyboard; path = LaunchScreen.storyboard; sourceTree = "<group>"; };
		95225E6A21275C18003AE81A /* Main.storyboard */ = {isa = PBXFileReference; fileEncoding = 4; lastKnownFileType = file.storyboard; path = Main.storyboard; sourceTree = "<group>"; };
		95225E6D21275C18003AE81A /* CarsListViewController.swift */ = {isa = PBXFileReference; fileEncoding = 4; lastKnownFileType = sourcecode.swift; path = CarsListViewController.swift; sourceTree = "<group>"; };
		95225E7021275C18003AE81A /* CarCell.swift */ = {isa = PBXFileReference; fileEncoding = 4; lastKnownFileType = sourcecode.swift; path = CarCell.swift; sourceTree = "<group>"; };
		95225E7221275C18003AE81A /* Temp.xcdatamodel */ = {isa = PBXFileReference; lastKnownFileType = wrapper.xcdatamodel; path = Temp.xcdatamodel; sourceTree = "<group>"; };
		95225E7321275C18003AE81A /* Car.swift */ = {isa = PBXFileReference; fileEncoding = 4; lastKnownFileType = sourcecode.swift; path = Car.swift; sourceTree = "<group>"; };
		95225E7521275C18003AE81A /* CDPersistence.swift */ = {isa = PBXFileReference; fileEncoding = 4; lastKnownFileType = sourcecode.swift; path = CDPersistence.swift; sourceTree = "<group>"; };
		9537E1F92129FA5300802D6E /* cars.json */ = {isa = PBXFileReference; fileEncoding = 4; lastKnownFileType = text.json; path = cars.json; sourceTree = "<group>"; };
		9537E1FB212A7F8D00802D6E /* Owner.swift */ = {isa = PBXFileReference; lastKnownFileType = sourcecode.swift; path = Owner.swift; sourceTree = "<group>"; };
		9537E1FD212BE7E700802D6E /* StoredCar.swift */ = {isa = PBXFileReference; lastKnownFileType = sourcecode.swift; path = StoredCar.swift; sourceTree = "<group>"; };
		9537E1FF212BEDE300802D6E /* OwnerView.xib */ = {isa = PBXFileReference; fileEncoding = 4; lastKnownFileType = file.xib; name = OwnerView.xib; path = ../../../../../cwtools/CWTools/Views/SaveButtonView/OwnerView.xib; sourceTree = "<group>"; };
		9537E201212BEDEE00802D6E /* OwnerView.swift */ = {isa = PBXFileReference; fileEncoding = 4; lastKnownFileType = sourcecode.swift; name = OwnerView.swift; path = ../../../../../cwtools/CWTools/Views/SaveButtonView/OwnerView.swift; sourceTree = "<group>"; };
/* End PBXFileReference section */

/* Begin PBXFrameworksBuildPhase section */
		95225E3921248A5B003AE81A /* Frameworks */ = {
			isa = PBXFrameworksBuildPhase;
			buildActionMask = 2147483647;
			files = (
			);
			runOnlyForDeploymentPostprocessing = 0;
		};
/* End PBXFrameworksBuildPhase section */

/* Begin PBXGroup section */
		95225E3321248A5B003AE81A = {
			isa = PBXGroup;
			children = (
				95225E3E21248A5B003AE81A /* Cars */,
				95225E3D21248A5B003AE81A /* Products */,
			);
			sourceTree = "<group>";
		};
		95225E3D21248A5B003AE81A /* Products */ = {
			isa = PBXGroup;
			children = (
				95225E3C21248A5B003AE81A /* Cars.app */,
			);
			name = Products;
			sourceTree = "<group>";
		};
		95225E3E21248A5B003AE81A /* Cars */ = {
			isa = PBXGroup;
			children = (
				95225E3F21248A5B003AE81A /* AppDelegate.swift */,
				95225E6C21275C18003AE81A /* Controllers */,
				95225E6F21275C18003AE81A /* Models */,
				95225E7421275C18003AE81A /* Utilities */,
				95225E6821275C18003AE81A /* Views */,
				95225E4921248A5E003AE81A /* Assets.xcassets */,
				95225E4E21248A5E003AE81A /* Info.plist */,
				9537E1F92129FA5300802D6E /* cars.json */,
			);
			path = Cars;
			sourceTree = "<group>";
		};
		95225E6821275C18003AE81A /* Views */ = {
			isa = PBXGroup;
			children = (
				9537E1FF212BEDE300802D6E /* OwnerView.xib */,
				95225E6921275C18003AE81A /* LaunchScreen.storyboard */,
				95225E6A21275C18003AE81A /* Main.storyboard */,
			);
			path = Views;
			sourceTree = "<group>";
		};
		95225E6C21275C18003AE81A /* Controllers */ = {
			isa = PBXGroup;
			children = (
				95225E6D21275C18003AE81A /* CarsListViewController.swift */,
			);
			path = Controllers;
			sourceTree = "<group>";
		};
		95225E6F21275C18003AE81A /* Models */ = {
			isa = PBXGroup;
			children = (
				9537E201212BEDEE00802D6E /* OwnerView.swift */,
				95225E7321275C18003AE81A /* Car.swift */,
				95225E7021275C18003AE81A /* CarCell.swift */,
				95225E7121275C18003AE81A /* Cars.xcdatamodeld */,
				9537E1FB212A7F8D00802D6E /* Owner.swift */,
				9537E1FD212BE7E700802D6E /* StoredCar.swift */,
			);
			path = Models;
			sourceTree = "<group>";
		};
		95225E7421275C18003AE81A /* Utilities */ = {
			isa = PBXGroup;
			children = (
				95225E7521275C18003AE81A /* CDPersistence.swift */,
			);
			path = Utilities;
			sourceTree = "<group>";
		};
/* End PBXGroup section */

/* Begin PBXNativeTarget section */
		95225E3B21248A5B003AE81A /* Cars */ = {
			isa = PBXNativeTarget;
			buildConfigurationList = 95225E5121248A5E003AE81A /* Build configuration list for PBXNativeTarget "Cars" */;
			buildPhases = (
				95225E3821248A5B003AE81A /* Sources */,
				95225E3921248A5B003AE81A /* Frameworks */,
				95225E3A21248A5B003AE81A /* Resources */,
			);
			buildRules = (
			);
			dependencies = (
			);
			name = Cars;
			productName = Articles;
			productReference = 95225E3C21248A5B003AE81A /* Cars.app */;
			productType = "com.apple.product-type.application";
		};
/* End PBXNativeTarget section */

/* Begin PBXProject section */
		95225E3421248A5B003AE81A /* Project object */ = {
			isa = PBXProject;
			attributes = {
				LastSwiftUpdateCheck = 0940;
				LastUpgradeCheck = 0940;
				ORGANIZATIONNAME = Anna;
				TargetAttributes = {
					95225E3B21248A5B003AE81A = {
						CreatedOnToolsVersion = 9.4;
					};
				};
			};
			buildConfigurationList = 95225E3721248A5B003AE81A /* Build configuration list for PBXProject "Cars" */;
			compatibilityVersion = "Xcode 9.3";
			developmentRegion = en;
			hasScannedForEncodings = 0;
			knownRegions = (
				en,
				Base,
			);
			mainGroup = 95225E3321248A5B003AE81A;
			productRefGroup = 95225E3D21248A5B003AE81A /* Products */;
			projectDirPath = "";
			projectRoot = "";
			targets = (
				95225E3B21248A5B003AE81A /* Cars */,
			);
		};
/* End PBXProject section */

/* Begin PBXResourcesBuildPhase section */
		95225E3A21248A5B003AE81A /* Resources */ = {
			isa = PBXResourcesBuildPhase;
			buildActionMask = 2147483647;
			files = (
				95225E7921275C18003AE81A /* Main.storyboard in Resources */,
				9537E1FA2129FA5300802D6E /* cars.json in Resources */,
				9537E200212BEDE400802D6E /* OwnerView.xib in Resources */,
				95225E4A21248A5E003AE81A /* Assets.xcassets in Resources */,
				95225E7821275C18003AE81A /* LaunchScreen.storyboard in Resources */,
			);
			runOnlyForDeploymentPostprocessing = 0;
		};
/* End PBXResourcesBuildPhase section */

/* Begin PBXSourcesBuildPhase section */
		95225E3821248A5B003AE81A /* Sources */ = {
			isa = PBXSourcesBuildPhase;
			buildActionMask = 2147483647;
			files = (
				9537E1FE212BE7E700802D6E /* StoredCar.swift in Sources */,
				95225E7D21275C18003AE81A /* CarCell.swift in Sources */,
				95225E7E21275C18003AE81A /* Cars.xcdatamodeld in Sources */,
				9537E202212BEDEE00802D6E /* OwnerView.swift in Sources */,
				95225E7F21275C18003AE81A /* Car.swift in Sources */,
				95225E7B21275C18003AE81A /* CarsListViewController.swift in Sources */,
				95225E4021248A5B003AE81A /* AppDelegate.swift in Sources */,
				9537E1FC212A7F8D00802D6E /* Owner.swift in Sources */,
				95225E8021275C18003AE81A /* CDPersistence.swift in Sources */,
			);
			runOnlyForDeploymentPostprocessing = 0;
		};
/* End PBXSourcesBuildPhase section */

/* Begin XCBuildConfiguration section */
		95225E4F21248A5E003AE81A /* Debug */ = {
			isa = XCBuildConfiguration;
			buildSettings = {
				ALWAYS_SEARCH_USER_PATHS = NO;
				CLANG_ANALYZER_NONNULL = YES;
				CLANG_ANALYZER_NUMBER_OBJECT_CONVERSION = YES_AGGRESSIVE;
				CLANG_CXX_LANGUAGE_STANDARD = "gnu++14";
				CLANG_CXX_LIBRARY = "libc++";
				CLANG_ENABLE_MODULES = YES;
				CLANG_ENABLE_OBJC_ARC = YES;
				CLANG_ENABLE_OBJC_WEAK = YES;
				CLANG_WARN_BLOCK_CAPTURE_AUTORELEASING = YES;
				CLANG_WARN_BOOL_CONVERSION = YES;
				CLANG_WARN_COMMA = YES;
				CLANG_WARN_CONSTANT_CONVERSION = YES;
				CLANG_WARN_DEPRECATED_OBJC_IMPLEMENTATIONS = YES;
				CLANG_WARN_DIRECT_OBJC_ISA_USAGE = YES_ERROR;
				CLANG_WARN_DOCUMENTATION_COMMENTS = YES;
				CLANG_WARN_EMPTY_BODY = YES;
				CLANG_WARN_ENUM_CONVERSION = YES;
				CLANG_WARN_INFINITE_RECURSION = YES;
				CLANG_WARN_INT_CONVERSION = YES;
				CLANG_WARN_NON_LITERAL_NULL_CONVERSION = YES;
				CLANG_WARN_OBJC_IMPLICIT_RETAIN_SELF = YES;
				CLANG_WARN_OBJC_LITERAL_CONVERSION = YES;
				CLANG_WARN_OBJC_ROOT_CLASS = YES_ERROR;
				CLANG_WARN_RANGE_LOOP_ANALYSIS = YES;
				CLANG_WARN_STRICT_PROTOTYPES = YES;
				CLANG_WARN_SUSPICIOUS_MOVE = YES;
				CLANG_WARN_UNGUARDED_AVAILABILITY = YES_AGGRESSIVE;
				CLANG_WARN_UNREACHABLE_CODE = YES;
				CLANG_WARN__DUPLICATE_METHOD_MATCH = YES;
				CODE_SIGN_IDENTITY = "iPhone Developer";
				COPY_PHASE_STRIP = NO;
				DEBUG_INFORMATION_FORMAT = dwarf;
				ENABLE_STRICT_OBJC_MSGSEND = YES;
				ENABLE_TESTABILITY = YES;
				GCC_C_LANGUAGE_STANDARD = gnu11;
				GCC_DYNAMIC_NO_PIC = NO;
				GCC_NO_COMMON_BLOCKS = YES;
				GCC_OPTIMIZATION_LEVEL = 0;
				GCC_PREPROCESSOR_DEFINITIONS = (
					"DEBUG=1",
					"$(inherited)",
				);
				GCC_WARN_64_TO_32_BIT_CONVERSION = YES;
				GCC_WARN_ABOUT_RETURN_TYPE = YES_ERROR;
				GCC_WARN_UNDECLARED_SELECTOR = YES;
				GCC_WARN_UNINITIALIZED_AUTOS = YES_AGGRESSIVE;
				GCC_WARN_UNUSED_FUNCTION = YES;
				GCC_WARN_UNUSED_VARIABLE = YES;
				IPHONEOS_DEPLOYMENT_TARGET = 11.4;
				MTL_ENABLE_DEBUG_INFO = YES;
				ONLY_ACTIVE_ARCH = YES;
				SDKROOT = iphoneos;
				SWIFT_ACTIVE_COMPILATION_CONDITIONS = DEBUG;
				SWIFT_OPTIMIZATION_LEVEL = "-Onone";
			};
			name = Debug;
		};
		95225E5021248A5E003AE81A /* Release */ = {
			isa = XCBuildConfiguration;
			buildSettings = {
				ALWAYS_SEARCH_USER_PATHS = NO;
				CLANG_ANALYZER_NONNULL = YES;
				CLANG_ANALYZER_NUMBER_OBJECT_CONVERSION = YES_AGGRESSIVE;
				CLANG_CXX_LANGUAGE_STANDARD = "gnu++14";
				CLANG_CXX_LIBRARY = "libc++";
				CLANG_ENABLE_MODULES = YES;
				CLANG_ENABLE_OBJC_ARC = YES;
				CLANG_ENABLE_OBJC_WEAK = YES;
				CLANG_WARN_BLOCK_CAPTURE_AUTORELEASING = YES;
				CLANG_WARN_BOOL_CONVERSION = YES;
				CLANG_WARN_COMMA = YES;
				CLANG_WARN_CONSTANT_CONVERSION = YES;
				CLANG_WARN_DEPRECATED_OBJC_IMPLEMENTATIONS = YES;
				CLANG_WARN_DIRECT_OBJC_ISA_USAGE = YES_ERROR;
				CLANG_WARN_DOCUMENTATION_COMMENTS = YES;
				CLANG_WARN_EMPTY_BODY = YES;
				CLANG_WARN_ENUM_CONVERSION = YES;
				CLANG_WARN_INFINITE_RECURSION = YES;
				CLANG_WARN_INT_CONVERSION = YES;
				CLANG_WARN_NON_LITERAL_NULL_CONVERSION = YES;
				CLANG_WARN_OBJC_IMPLICIT_RETAIN_SELF = YES;
				CLANG_WARN_OBJC_LITERAL_CONVERSION = YES;
				CLANG_WARN_OBJC_ROOT_CLASS = YES_ERROR;
				CLANG_WARN_RANGE_LOOP_ANALYSIS = YES;
				CLANG_WARN_STRICT_PROTOTYPES = YES;
				CLANG_WARN_SUSPICIOUS_MOVE = YES;
				CLANG_WARN_UNGUARDED_AVAILABILITY = YES_AGGRESSIVE;
				CLANG_WARN_UNREACHABLE_CODE = YES;
				CLANG_WARN__DUPLICATE_METHOD_MATCH = YES;
				CODE_SIGN_IDENTITY = "iPhone Developer";
				COPY_PHASE_STRIP = NO;
				DEBUG_INFORMATION_FORMAT = "dwarf-with-dsym";
				ENABLE_NS_ASSERTIONS = NO;
				ENABLE_STRICT_OBJC_MSGSEND = YES;
				GCC_C_LANGUAGE_STANDARD = gnu11;
				GCC_NO_COMMON_BLOCKS = YES;
				GCC_WARN_64_TO_32_BIT_CONVERSION = YES;
				GCC_WARN_ABOUT_RETURN_TYPE = YES_ERROR;
				GCC_WARN_UNDECLARED_SELECTOR = YES;
				GCC_WARN_UNINITIALIZED_AUTOS = YES_AGGRESSIVE;
				GCC_WARN_UNUSED_FUNCTION = YES;
				GCC_WARN_UNUSED_VARIABLE = YES;
				IPHONEOS_DEPLOYMENT_TARGET = 11.4;
				MTL_ENABLE_DEBUG_INFO = NO;
				SDKROOT = iphoneos;
				SWIFT_COMPILATION_MODE = wholemodule;
				SWIFT_OPTIMIZATION_LEVEL = "-O";
				VALIDATE_PRODUCT = YES;
			};
			name = Release;
		};
		95225E5221248A5E003AE81A /* Debug */ = {
			isa = XCBuildConfiguration;
			buildSettings = {
				ASSETCATALOG_COMPILER_APPICON_NAME = AppIcon;
				CODE_SIGN_STYLE = Automatic;
				DEVELOPMENT_TEAM = X8E2R8HQQL;
				INFOPLIST_FILE = "$(SRCROOT)/Cars/Info.plist";
				LD_RUNPATH_SEARCH_PATHS = (
					"$(inherited)",
					"@executable_path/Frameworks",
				);
				PRODUCT_BUNDLE_IDENTIFIER = "A-Lime-Studio.Articles";
				PRODUCT_NAME = "$(TARGET_NAME)";
				SWIFT_VERSION = 4.0;
				TARGETED_DEVICE_FAMILY = 1;
			};
			name = Debug;
		};
		95225E5321248A5E003AE81A /* Release */ = {
			isa = XCBuildConfiguration;
			buildSettings = {
				ASSETCATALOG_COMPILER_APPICON_NAME = AppIcon;
				CODE_SIGN_STYLE = Automatic;
				DEVELOPMENT_TEAM = X8E2R8HQQL;
				INFOPLIST_FILE = "$(SRCROOT)/Cars/Info.plist";
				LD_RUNPATH_SEARCH_PATHS = (
					"$(inherited)",
					"@executable_path/Frameworks",
				);
				PRODUCT_BUNDLE_IDENTIFIER = "A-Lime-Studio.Articles";
				PRODUCT_NAME = "$(TARGET_NAME)";
				SWIFT_VERSION = 4.0;
				TARGETED_DEVICE_FAMILY = 1;
			};
			name = Release;
		};
/* End XCBuildConfiguration section */

/* Begin XCConfigurationList section */
		95225E3721248A5B003AE81A /* Build configuration list for PBXProject "Cars" */ = {
			isa = XCConfigurationList;
			buildConfigurations = (
				95225E4F21248A5E003AE81A /* Debug */,
				95225E5021248A5E003AE81A /* Release */,
			);
			defaultConfigurationIsVisible = 0;
			defaultConfigurationName = Release;
		};
		95225E5121248A5E003AE81A /* Build configuration list for PBXNativeTarget "Cars" */ = {
			isa = XCConfigurationList;
			buildConfigurations = (
				95225E5221248A5E003AE81A /* Debug */,
				95225E5321248A5E003AE81A /* Release */,
			);
			defaultConfigurationIsVisible = 0;
			defaultConfigurationName = Release;
		};
/* End XCConfigurationList section */

/* Begin XCVersionGroup section */
		95225E7121275C18003AE81A /* Cars.xcdatamodeld */ = {
			isa = XCVersionGroup;
			children = (
				95225E7221275C18003AE81A /* Temp.xcdatamodel */,
			);
			currentVersion = 95225E7221275C18003AE81A /* Temp.xcdatamodel */;
			path = Cars.xcdatamodeld;
			sourceTree = "<group>";
			versionGroupType = wrapper.xcdatamodel;
		};
/* End XCVersionGroup section */
	};
	rootObject = 95225E3421248A5B003AE81A /* Project object */;
}
